// !$*UTF8*$!
{
	archiveVersion = 1;
	classes = {
	};
	objectVersion = 55;
	objects = {

/* Begin PBXBuildFile section */
		078D13872753A4300048D6B5 /* AppDelegate.swift in Sources */ = {isa = PBXBuildFile; fileRef = 078D13862753A4300048D6B5 /* AppDelegate.swift */; };
		078D13892753A4300048D6B5 /* SceneDelegate.swift in Sources */ = {isa = PBXBuildFile; fileRef = 078D13882753A4300048D6B5 /* SceneDelegate.swift */; };
		078D138B2753A4300048D6B5 /* ViewController.swift in Sources */ = {isa = PBXBuildFile; fileRef = 078D138A2753A4300048D6B5 /* ViewController.swift */; };
		078D138E2753A4300048D6B5 /* Main.storyboard in Resources */ = {isa = PBXBuildFile; fileRef = 078D138C2753A4300048D6B5 /* Main.storyboard */; };
		078D13902753A4310048D6B5 /* Assets.xcassets in Resources */ = {isa = PBXBuildFile; fileRef = 078D138F2753A4310048D6B5 /* Assets.xcassets */; };
		078D13932753A4310048D6B5 /* LaunchScreen.storyboard in Resources */ = {isa = PBXBuildFile; fileRef = 078D13912753A4310048D6B5 /* LaunchScreen.storyboard */; };
		078D139E2753A4320048D6B5 /* OpenWeatherTests.swift in Sources */ = {isa = PBXBuildFile; fileRef = 078D139D2753A4320048D6B5 /* OpenWeatherTests.swift */; };
		078D13A82753A4320048D6B5 /* OpenWeatherUITests.swift in Sources */ = {isa = PBXBuildFile; fileRef = 078D13A72753A4320048D6B5 /* OpenWeatherUITests.swift */; };
		078D13AA2753A4320048D6B5 /* OpenWeatherUITestsLaunchTests.swift in Sources */ = {isa = PBXBuildFile; fileRef = 078D13A92753A4320048D6B5 /* OpenWeatherUITestsLaunchTests.swift */; };
/* End PBXBuildFile section */

/* Begin PBXContainerItemProxy section */
		078D139A2753A4320048D6B5 /* PBXContainerItemProxy */ = {
			isa = PBXContainerItemProxy;
			containerPortal = 078D137B2753A4300048D6B5 /* Project object */;
			proxyType = 1;
			remoteGlobalIDString = 078D13822753A4300048D6B5;
			remoteInfo = OpenWeather;
		};
		078D13A42753A4320048D6B5 /* PBXContainerItemProxy */ = {
			isa = PBXContainerItemProxy;
			containerPortal = 078D137B2753A4300048D6B5 /* Project object */;
			proxyType = 1;
			remoteGlobalIDString = 078D13822753A4300048D6B5;
			remoteInfo = OpenWeather;
		};
/* End PBXContainerItemProxy section */

/* Begin PBXFileReference section */
		078D13832753A4300048D6B5 /* OpenWeather.app */ = {isa = PBXFileReference; explicitFileType = wrapper.application; includeInIndex = 0; path = OpenWeather.app; sourceTree = BUILT_PRODUCTS_DIR; };
		078D13862753A4300048D6B5 /* AppDelegate.swift */ = {isa = PBXFileReference; lastKnownFileType = sourcecode.swift; path = AppDelegate.swift; sourceTree = "<group>"; };
		078D13882753A4300048D6B5 /* SceneDelegate.swift */ = {isa = PBXFileReference; lastKnownFileType = sourcecode.swift; path = SceneDelegate.swift; sourceTree = "<group>"; };
		078D138A2753A4300048D6B5 /* ViewController.swift */ = {isa = PBXFileReference; lastKnownFileType = sourcecode.swift; path = ViewController.swift; sourceTree = "<group>"; };
		078D138D2753A4300048D6B5 /* Base */ = {isa = PBXFileReference; lastKnownFileType = file.storyboard; name = Base; path = Base.lproj/Main.storyboard; sourceTree = "<group>"; };
		078D138F2753A4310048D6B5 /* Assets.xcassets */ = {isa = PBXFileReference; lastKnownFileType = folder.assetcatalog; path = Assets.xcassets; sourceTree = "<group>"; };
		078D13922753A4310048D6B5 /* Base */ = {isa = PBXFileReference; lastKnownFileType = file.storyboard; name = Base; path = Base.lproj/LaunchScreen.storyboard; sourceTree = "<group>"; };
		078D13942753A4310048D6B5 /* Info.plist */ = {isa = PBXFileReference; lastKnownFileType = text.plist.xml; path = Info.plist; sourceTree = "<group>"; };
		078D13992753A4320048D6B5 /* OpenWeatherTests.xctest */ = {isa = PBXFileReference; explicitFileType = wrapper.cfbundle; includeInIndex = 0; path = OpenWeatherTests.xctest; sourceTree = BUILT_PRODUCTS_DIR; };
		078D139D2753A4320048D6B5 /* OpenWeatherTests.swift */ = {isa = PBXFileReference; lastKnownFileType = sourcecode.swift; path = OpenWeatherTests.swift; sourceTree = "<group>"; };
		078D13A32753A4320048D6B5 /* OpenWeatherUITests.xctest */ = {isa = PBXFileReference; explicitFileType = wrapper.cfbundle; includeInIndex = 0; path = OpenWeatherUITests.xctest; sourceTree = BUILT_PRODUCTS_DIR; };
		078D13A72753A4320048D6B5 /* OpenWeatherUITests.swift */ = {isa = PBXFileReference; lastKnownFileType = sourcecode.swift; path = OpenWeatherUITests.swift; sourceTree = "<group>"; };
		078D13A92753A4320048D6B5 /* OpenWeatherUITestsLaunchTests.swift */ = {isa = PBXFileReference; lastKnownFileType = sourcecode.swift; path = OpenWeatherUITestsLaunchTests.swift; sourceTree = "<group>"; };
/* End PBXFileReference section */

/* Begin PBXFrameworksBuildPhase section */
		078D13802753A4300048D6B5 /* Frameworks */ = {
			isa = PBXFrameworksBuildPhase;
			buildActionMask = 2147483647;
			files = (
			);
			runOnlyForDeploymentPostprocessing = 0;
		};
		078D13962753A4320048D6B5 /* Frameworks */ = {
			isa = PBXFrameworksBuildPhase;
			buildActionMask = 2147483647;
			files = (
			);
			runOnlyForDeploymentPostprocessing = 0;
		};
		078D13A02753A4320048D6B5 /* Frameworks */ = {
			isa = PBXFrameworksBuildPhase;
			buildActionMask = 2147483647;
			files = (
			);
			runOnlyForDeploymentPostprocessing = 0;
		};
/* End PBXFrameworksBuildPhase section */

/* Begin PBXGroup section */
		078D137A2753A4300048D6B5 = {
			isa = PBXGroup;
			children = (
				078D13852753A4300048D6B5 /* OpenWeather */,
				078D139C2753A4320048D6B5 /* OpenWeatherTests */,
				078D13A62753A4320048D6B5 /* OpenWeatherUITests */,
				078D13842753A4300048D6B5 /* Products */,
			);
			sourceTree = "<group>";
		};
		078D13842753A4300048D6B5 /* Products */ = {
			isa = PBXGroup;
			children = (
				078D13832753A4300048D6B5 /* OpenWeather.app */,
				078D13992753A4320048D6B5 /* OpenWeatherTests.xctest */,
				078D13A32753A4320048D6B5 /* OpenWeatherUITests.xctest */,
			);
			name = Products;
			sourceTree = "<group>";
		};
		078D13852753A4300048D6B5 /* OpenWeather */ = {
			isa = PBXGroup;
			children = (
				078D13862753A4300048D6B5 /* AppDelegate.swift */,
				078D13882753A4300048D6B5 /* SceneDelegate.swift */,
				078D138A2753A4300048D6B5 /* ViewController.swift */,
				078D138C2753A4300048D6B5 /* Main.storyboard */,
				078D138F2753A4310048D6B5 /* Assets.xcassets */,
				078D13912753A4310048D6B5 /* LaunchScreen.storyboard */,
				078D13942753A4310048D6B5 /* Info.plist */,
			);
			path = OpenWeather;
			sourceTree = "<group>";
		};
		078D139C2753A4320048D6B5 /* OpenWeatherTests */ = {
			isa = PBXGroup;
			children = (
				078D139D2753A4320048D6B5 /* OpenWeatherTests.swift */,
			);
			path = OpenWeatherTests;
			sourceTree = "<group>";
		};
		078D13A62753A4320048D6B5 /* OpenWeatherUITests */ = {
			isa = PBXGroup;
			children = (
				078D13A72753A4320048D6B5 /* OpenWeatherUITests.swift */,
				078D13A92753A4320048D6B5 /* OpenWeatherUITestsLaunchTests.swift */,
			);
			path = OpenWeatherUITests;
			sourceTree = "<group>";
		};
/* End PBXGroup section */

/* Begin PBXNativeTarget section */
		078D13822753A4300048D6B5 /* OpenWeather */ = {
			isa = PBXNativeTarget;
			buildConfigurationList = 078D13AD2753A4320048D6B5 /* Build configuration list for PBXNativeTarget "OpenWeather" */;
			buildPhases = (
				078D137F2753A4300048D6B5 /* Sources */,
				078D13802753A4300048D6B5 /* Frameworks */,
				078D13812753A4300048D6B5 /* Resources */,
			);
			buildRules = (
			);
			dependencies = (
			);
			name = OpenWeather;
			productName = OpenWeather;
			productReference = 078D13832753A4300048D6B5 /* OpenWeather.app */;
			productType = "com.apple.product-type.application";
		};
		078D13982753A4320048D6B5 /* OpenWeatherTests */ = {
			isa = PBXNativeTarget;
			buildConfigurationList = 078D13B02753A4320048D6B5 /* Build configuration list for PBXNativeTarget "OpenWeatherTests" */;
			buildPhases = (
				078D13952753A4320048D6B5 /* Sources */,
				078D13962753A4320048D6B5 /* Frameworks */,
				078D13972753A4320048D6B5 /* Resources */,
			);
			buildRules = (
			);
			dependencies = (
				078D139B2753A4320048D6B5 /* PBXTargetDependency */,
			);
			name = OpenWeatherTests;
			productName = OpenWeatherTests;
			productReference = 078D13992753A4320048D6B5 /* OpenWeatherTests.xctest */;
			productType = "com.apple.product-type.bundle.unit-test";
		};
		078D13A22753A4320048D6B5 /* OpenWeatherUITests */ = {
			isa = PBXNativeTarget;
			buildConfigurationList = 078D13B32753A4320048D6B5 /* Build configuration list for PBXNativeTarget "OpenWeatherUITests" */;
			buildPhases = (
				078D139F2753A4320048D6B5 /* Sources */,
				078D13A02753A4320048D6B5 /* Frameworks */,
				078D13A12753A4320048D6B5 /* Resources */,
			);
			buildRules = (
			);
			dependencies = (
				078D13A52753A4320048D6B5 /* PBXTargetDependency */,
			);
			name = OpenWeatherUITests;
			productName = OpenWeatherUITests;
			productReference = 078D13A32753A4320048D6B5 /* OpenWeatherUITests.xctest */;
			productType = "com.apple.product-type.bundle.ui-testing";
		};
/* End PBXNativeTarget section */

/* Begin PBXProject section */
		078D137B2753A4300048D6B5 /* Project object */ = {
			isa = PBXProject;
			attributes = {
				BuildIndependentTargetsInParallel = 1;
				LastSwiftUpdateCheck = 1310;
				LastUpgradeCheck = 1310;
				TargetAttributes = {
					078D13822753A4300048D6B5 = {
						CreatedOnToolsVersion = 13.1;
					};
					078D13982753A4320048D6B5 = {
						CreatedOnToolsVersion = 13.1;
						TestTargetID = 078D13822753A4300048D6B5;
					};
					078D13A22753A4320048D6B5 = {
						CreatedOnToolsVersion = 13.1;
						TestTargetID = 078D13822753A4300048D6B5;
					};
				};
			};
			buildConfigurationList = 078D137E2753A4300048D6B5 /* Build configuration list for PBXProject "OpenWeather" */;
			compatibilityVersion = "Xcode 13.0";
			developmentRegion = en;
			hasScannedForEncodings = 0;
			knownRegions = (
				en,
				Base,
			);
			mainGroup = 078D137A2753A4300048D6B5;
			productRefGroup = 078D13842753A4300048D6B5 /* Products */;
			projectDirPath = "";
			projectRoot = "";
			targets = (
				078D13822753A4300048D6B5 /* OpenWeather */,
				078D13982753A4320048D6B5 /* OpenWeatherTests */,
				078D13A22753A4320048D6B5 /* OpenWeatherUITests */,
			);
		};
/* End PBXProject section */

/* Begin PBXResourcesBuildPhase section */
		078D13812753A4300048D6B5 /* Resources */ = {
			isa = PBXResourcesBuildPhase;
			buildActionMask = 2147483647;
			files = (
				078D13932753A4310048D6B5 /* LaunchScreen.storyboard in Resources */,
				078D13902753A4310048D6B5 /* Assets.xcassets in Resources */,
				078D138E2753A4300048D6B5 /* Main.storyboard in Resources */,
			);
			runOnlyForDeploymentPostprocessing = 0;
		};
		078D13972753A4320048D6B5 /* Resources */ = {
			isa = PBXResourcesBuildPhase;
			buildActionMask = 2147483647;
			files = (
			);
			runOnlyForDeploymentPostprocessing = 0;
		};
		078D13A12753A4320048D6B5 /* Resources */ = {
			isa = PBXResourcesBuildPhase;
			buildActionMask = 2147483647;
			files = (
			);
			runOnlyForDeploymentPostprocessing = 0;
		};
/* End PBXResourcesBuildPhase section */

/* Begin PBXSourcesBuildPhase section */
		078D137F2753A4300048D6B5 /* Sources */ = {
			isa = PBXSourcesBuildPhase;
			buildActionMask = 2147483647;
			files = (
				078D138B2753A4300048D6B5 /* ViewController.swift in Sources */,
				078D13872753A4300048D6B5 /* AppDelegate.swift in Sources */,
				078D13892753A4300048D6B5 /* SceneDelegate.swift in Sources */,
			);
			runOnlyForDeploymentPostprocessing = 0;
		};
		078D13952753A4320048D6B5 /* Sources */ = {
			isa = PBXSourcesBuildPhase;
			buildActionMask = 2147483647;
			files = (
				078D139E2753A4320048D6B5 /* OpenWeatherTests.swift in Sources */,
			);
			runOnlyForDeploymentPostprocessing = 0;
		};
		078D139F2753A4320048D6B5 /* Sources */ = {
			isa = PBXSourcesBuildPhase;
			buildActionMask = 2147483647;
			files = (
				078D13A82753A4320048D6B5 /* OpenWeatherUITests.swift in Sources */,
				078D13AA2753A4320048D6B5 /* OpenWeatherUITestsLaunchTests.swift in Sources */,
			);
			runOnlyForDeploymentPostprocessing = 0;
		};
/* End PBXSourcesBuildPhase section */

/* Begin PBXTargetDependency section */
		078D139B2753A4320048D6B5 /* PBXTargetDependency */ = {
			isa = PBXTargetDependency;
			target = 078D13822753A4300048D6B5 /* OpenWeather */;
			targetProxy = 078D139A2753A4320048D6B5 /* PBXContainerItemProxy */;
		};
		078D13A52753A4320048D6B5 /* PBXTargetDependency */ = {
			isa = PBXTargetDependency;
			target = 078D13822753A4300048D6B5 /* OpenWeather */;
			targetProxy = 078D13A42753A4320048D6B5 /* PBXContainerItemProxy */;
		};
/* End PBXTargetDependency section */

/* Begin PBXVariantGroup section */
		078D138C2753A4300048D6B5 /* Main.storyboard */ = {
			isa = PBXVariantGroup;
			children = (
				078D138D2753A4300048D6B5 /* Base */,
			);
			name = Main.storyboard;
			sourceTree = "<group>";
		};
		078D13912753A4310048D6B5 /* LaunchScreen.storyboard */ = {
			isa = PBXVariantGroup;
			children = (
				078D13922753A4310048D6B5 /* Base */,
			);
			name = LaunchScreen.storyboard;
			sourceTree = "<group>";
		};
/* End PBXVariantGroup section */

/* Begin XCBuildConfiguration section */
		078D13AB2753A4320048D6B5 /* Debug */ = {
			isa = XCBuildConfiguration;
			buildSettings = {
				ALWAYS_SEARCH_USER_PATHS = NO;
				CLANG_ANALYZER_NONNULL = YES;
				CLANG_ANALYZER_NUMBER_OBJECT_CONVERSION = YES_AGGRESSIVE;
				CLANG_CXX_LANGUAGE_STANDARD = "gnu++17";
				CLANG_CXX_LIBRARY = "libc++";
				CLANG_ENABLE_MODULES = YES;
				CLANG_ENABLE_OBJC_ARC = YES;
				CLANG_ENABLE_OBJC_WEAK = YES;
				CLANG_WARN_BLOCK_CAPTURE_AUTORELEASING = YES;
				CLANG_WARN_BOOL_CONVERSION = YES;
				CLANG_WARN_COMMA = YES;
				CLANG_WARN_CONSTANT_CONVERSION = YES;
				CLANG_WARN_DEPRECATED_OBJC_IMPLEMENTATIONS = YES;
				CLANG_WARN_DIRECT_OBJC_ISA_USAGE = YES_ERROR;
				CLANG_WARN_DOCUMENTATION_COMMENTS = YES;
				CLANG_WARN_EMPTY_BODY = YES;
				CLANG_WARN_ENUM_CONVERSION = YES;
				CLANG_WARN_INFINITE_RECURSION = YES;
				CLANG_WARN_INT_CONVERSION = YES;
				CLANG_WARN_NON_LITERAL_NULL_CONVERSION = YES;
				CLANG_WARN_OBJC_IMPLICIT_RETAIN_SELF = YES;
				CLANG_WARN_OBJC_LITERAL_CONVERSION = YES;
				CLANG_WARN_OBJC_ROOT_CLASS = YES_ERROR;
				CLANG_WARN_QUOTED_INCLUDE_IN_FRAMEWORK_HEADER = YES;
				CLANG_WARN_RANGE_LOOP_ANALYSIS = YES;
				CLANG_WARN_STRICT_PROTOTYPES = YES;
				CLANG_WARN_SUSPICIOUS_MOVE = YES;
				CLANG_WARN_UNGUARDED_AVAILABILITY = YES_AGGRESSIVE;
				CLANG_WARN_UNREACHABLE_CODE = YES;
				CLANG_WARN__DUPLICATE_METHOD_MATCH = YES;
				COPY_PHASE_STRIP = NO;
				DEBUG_INFORMATION_FORMAT = dwarf;
				ENABLE_STRICT_OBJC_MSGSEND = YES;
				ENABLE_TESTABILITY = YES;
				GCC_C_LANGUAGE_STANDARD = gnu11;
				GCC_DYNAMIC_NO_PIC = NO;
				GCC_NO_COMMON_BLOCKS = YES;
				GCC_OPTIMIZATION_LEVEL = 0;
				GCC_PREPROCESSOR_DEFINITIONS = (
					"DEBUG=1",
					"$(inherited)",
				);
				GCC_WARN_64_TO_32_BIT_CONVERSION = YES;
				GCC_WARN_ABOUT_RETURN_TYPE = YES_ERROR;
				GCC_WARN_UNDECLARED_SELECTOR = YES;
				GCC_WARN_UNINITIALIZED_AUTOS = YES_AGGRESSIVE;
				GCC_WARN_UNUSED_FUNCTION = YES;
				GCC_WARN_UNUSED_VARIABLE = YES;
				IPHONEOS_DEPLOYMENT_TARGET = 15.0;
				MTL_ENABLE_DEBUG_INFO = INCLUDE_SOURCE;
				MTL_FAST_MATH = YES;
				ONLY_ACTIVE_ARCH = YES;
				SDKROOT = iphoneos;
				SWIFT_ACTIVE_COMPILATION_CONDITIONS = DEBUG;
				SWIFT_OPTIMIZATION_LEVEL = "-Onone";
			};
			name = Debug;
		};
		078D13AC2753A4320048D6B5 /* Release */ = {
			isa = XCBuildConfiguration;
			buildSettings = {
				ALWAYS_SEARCH_USER_PATHS = NO;
				CLANG_ANALYZER_NONNULL = YES;
				CLANG_ANALYZER_NUMBER_OBJECT_CONVERSION = YES_AGGRESSIVE;
				CLANG_CXX_LANGUAGE_STANDARD = "gnu++17";
				CLANG_CXX_LIBRARY = "libc++";
				CLANG_ENABLE_MODULES = YES;
				CLANG_ENABLE_OBJC_ARC = YES;
				CLANG_ENABLE_OBJC_WEAK = YES;
				CLANG_WARN_BLOCK_CAPTURE_AUTORELEASING = YES;
				CLANG_WARN_BOOL_CONVERSION = YES;
				CLANG_WARN_COMMA = YES;
				CLANG_WARN_CONSTANT_CONVERSION = YES;
				CLANG_WARN_DEPRECATED_OBJC_IMPLEMENTATIONS = YES;
				CLANG_WARN_DIRECT_OBJC_ISA_USAGE = YES_ERROR;
				CLANG_WARN_DOCUMENTATION_COMMENTS = YES;
				CLANG_WARN_EMPTY_BODY = YES;
				CLANG_WARN_ENUM_CONVERSION = YES;
				CLANG_WARN_INFINITE_RECURSION = YES;
				CLANG_WARN_INT_CONVERSION = YES;
				CLANG_WARN_NON_LITERAL_NULL_CONVERSION = YES;
				CLANG_WARN_OBJC_IMPLICIT_RETAIN_SELF = YES;
				CLANG_WARN_OBJC_LITERAL_CONVERSION = YES;
				CLANG_WARN_OBJC_ROOT_CLASS = YES_ERROR;
				CLANG_WARN_QUOTED_INCLUDE_IN_FRAMEWORK_HEADER = YES;
				CLANG_WARN_RANGE_LOOP_ANALYSIS = YES;
				CLANG_WARN_STRICT_PROTOTYPES = YES;
				CLANG_WARN_SUSPICIOUS_MOVE = YES;
				CLANG_WARN_UNGUARDED_AVAILABILITY = YES_AGGRESSIVE;
				CLANG_WARN_UNREACHABLE_CODE = YES;
				CLANG_WARN__DUPLICATE_METHOD_MATCH = YES;
				COPY_PHASE_STRIP = NO;
				DEBUG_INFORMATION_FORMAT = "dwarf-with-dsym";
				ENABLE_NS_ASSERTIONS = NO;
				ENABLE_STRICT_OBJC_MSGSEND = YES;
				GCC_C_LANGUAGE_STANDARD = gnu11;
				GCC_NO_COMMON_BLOCKS = YES;
				GCC_WARN_64_TO_32_BIT_CONVERSION = YES;
				GCC_WARN_ABOUT_RETURN_TYPE = YES_ERROR;
				GCC_WARN_UNDECLARED_SELECTOR = YES;
				GCC_WARN_UNINITIALIZED_AUTOS = YES_AGGRESSIVE;
				GCC_WARN_UNUSED_FUNCTION = YES;
				GCC_WARN_UNUSED_VARIABLE = YES;
				IPHONEOS_DEPLOYMENT_TARGET = 15.0;
				MTL_ENABLE_DEBUG_INFO = NO;
				MTL_FAST_MATH = YES;
				SDKROOT = iphoneos;
				SWIFT_COMPILATION_MODE = wholemodule;
				SWIFT_OPTIMIZATION_LEVEL = "-O";
				VALIDATE_PRODUCT = YES;
			};
			name = Release;
		};
		078D13AE2753A4320048D6B5 /* Debug */ = {
			isa = XCBuildConfiguration;
			buildSettings = {
				ASSETCATALOG_COMPILER_APPICON_NAME = AppIcon;
				ASSETCATALOG_COMPILER_GLOBAL_ACCENT_COLOR_NAME = AccentColor;
				CODE_SIGN_STYLE = Automatic;
				CURRENT_PROJECT_VERSION = 1;
				DEVELOPMENT_TEAM = 66D3CJTRN4;
				GENERATE_INFOPLIST_FILE = YES;
				INFOPLIST_FILE = OpenWeather/Info.plist;
				INFOPLIST_KEY_UIApplicationSupportsIndirectInputEvents = YES;
				INFOPLIST_KEY_UILaunchStoryboardName = LaunchScreen;
				INFOPLIST_KEY_UIMainStoryboardFile = Main;
				INFOPLIST_KEY_UISupportedInterfaceOrientations_iPad = "UIInterfaceOrientationPortrait UIInterfaceOrientationPortraitUpsideDown UIInterfaceOrientationLandscapeLeft UIInterfaceOrientationLandscapeRight";
				INFOPLIST_KEY_UISupportedInterfaceOrientations_iPhone = "UIInterfaceOrientationPortrait UIInterfaceOrientationLandscapeLeft UIInterfaceOrientationLandscapeRight";
				LD_RUNPATH_SEARCH_PATHS = (
					"$(inherited)",
					"@executable_path/Frameworks",
				);
				MARKETING_VERSION = 1.0;
				PRODUCT_BUNDLE_IDENTIFIER = org.yao.OpenWeather;
				PRODUCT_NAME = "$(TARGET_NAME)";
				SWIFT_EMIT_LOC_STRINGS = YES;
				SWIFT_VERSION = 5.0;
				TARGETED_DEVICE_FAMILY = "1,2";
			};
			name = Debug;
		};
		078D13AF2753A4320048D6B5 /* Release */ = {
			isa = XCBuildConfiguration;
			buildSettings = {
				ASSETCATALOG_COMPILER_APPICON_NAME = AppIcon;
				ASSETCATALOG_COMPILER_GLOBAL_ACCENT_COLOR_NAME = AccentColor;
				CODE_SIGN_STYLE = Automatic;
				CURRENT_PROJECT_VERSION = 1;
				DEVELOPMENT_TEAM = 66D3CJTRN4;
				GENERATE_INFOPLIST_FILE = YES;
				INFOPLIST_FILE = OpenWeather/Info.plist;
				INFOPLIST_KEY_UIApplicationSupportsIndirectInputEvents = YES;
				INFOPLIST_KEY_UILaunchStoryboardName = LaunchScreen;
				INFOPLIST_KEY_UIMainStoryboardFile = Main;
				INFOPLIST_KEY_UISupportedInterfaceOrientations_iPad = "UIInterfaceOrientationPortrait UIInterfaceOrientationPortraitUpsideDown UIInterfaceOrientationLandscapeLeft UIInterfaceOrientationLandscapeRight";
				INFOPLIST_KEY_UISupportedInterfaceOrientations_iPhone = "UIInterfaceOrientationPortrait UIInterfaceOrientationLandscapeLeft UIInterfaceOrientationLandscapeRight";
				LD_RUNPATH_SEARCH_PATHS = (
					"$(inherited)",
					"@executable_path/Frameworks",
				);
				MARKETING_VERSION = 1.0;
				PRODUCT_BUNDLE_IDENTIFIER = org.yao.OpenWeather;
				PRODUCT_NAME = "$(TARGET_NAME)";
				SWIFT_EMIT_LOC_STRINGS = YES;
				SWIFT_VERSION = 5.0;
				TARGETED_DEVICE_FAMILY = "1,2";
			};
			name = Release;
		};
		078D13B12753A4320048D6B5 /* Debug */ = {
			isa = XCBuildConfiguration;
			buildSettings = {
				ALWAYS_EMBED_SWIFT_STANDARD_LIBRARIES = YES;
				BUNDLE_LOADER = "$(TEST_HOST)";
				CODE_SIGN_STYLE = Automatic;
				CURRENT_PROJECT_VERSION = 1;
				DEVELOPMENT_TEAM = 66D3CJTRN4;
				GENERATE_INFOPLIST_FILE = YES;
				IPHONEOS_DEPLOYMENT_TARGET = 15.0;
				LD_RUNPATH_SEARCH_PATHS = (
					"$(inherited)",
					"@executable_path/Frameworks",
					"@loader_path/Frameworks",
				);
				MARKETING_VERSION = 1.0;
				PRODUCT_BUNDLE_IDENTIFIER = org.yao.OpenWeatherTests;
				PRODUCT_NAME = "$(TARGET_NAME)";
				SWIFT_EMIT_LOC_STRINGS = NO;
				SWIFT_VERSION = 5.0;
				TARGETED_DEVICE_FAMILY = "1,2";
				TEST_HOST = "$(BUILT_PRODUCTS_DIR)/OpenWeather.app/OpenWeather";
			};
			name = Debug;
		};
		078D13B22753A4320048D6B5 /* Release */ = {
			isa = XCBuildConfiguration;
			buildSettings = {
				ALWAYS_EMBED_SWIFT_STANDARD_LIBRARIES = YES;
				BUNDLE_LOADER = "$(TEST_HOST)";
				CODE_SIGN_STYLE = Automatic;
				CURRENT_PROJECT_VERSION = 1;
				DEVELOPMENT_TEAM = 66D3CJTRN4;
				GENERATE_INFOPLIST_FILE = YES;
				IPHONEOS_DEPLOYMENT_TARGET = 15.0;
				LD_RUNPATH_SEARCH_PATHS = (
					"$(inherited)",
					"@executable_path/Frameworks",
					"@loader_path/Frameworks",
				);
				MARKETING_VERSION = 1.0;
				PRODUCT_BUNDLE_IDENTIFIER = org.yao.OpenWeatherTests;
				PRODUCT_NAME = "$(TARGET_NAME)";
				SWIFT_EMIT_LOC_STRINGS = NO;
				SWIFT_VERSION = 5.0;
				TARGETED_DEVICE_FAMILY = "1,2";
				TEST_HOST = "$(BUILT_PRODUCTS_DIR)/OpenWeather.app/OpenWeather";
			};
			name = Release;
		};
		078D13B42753A4320048D6B5 /* Debug */ = {
			isa = XCBuildConfiguration;
			buildSettings = {
				ALWAYS_EMBED_SWIFT_STANDARD_LIBRARIES = YES;
				CODE_SIGN_STYLE = Automatic;
				CURRENT_PROJECT_VERSION = 1;
				DEVELOPMENT_TEAM = 66D3CJTRN4;
				GENERATE_INFOPLIST_FILE = YES;
				LD_RUNPATH_SEARCH_PATHS = (
					"$(inherited)",
					"@executable_path/Frameworks",
					"@loader_path/Frameworks",
				);
				MARKETING_VERSION = 1.0;
				PRODUCT_BUNDLE_IDENTIFIER = org.yao.OpenWeatherUITests;
				PRODUCT_NAME = "$(TARGET_NAME)";
				SWIFT_EMIT_LOC_STRINGS = NO;
				SWIFT_VERSION = 5.0;
				TARGETED_DEVICE_FAMILY = "1,2";
				TEST_TARGET_NAME = OpenWeather;
			};
			name = Debug;
		};
		078D13B52753A4320048D6B5 /* Release */ = {
			isa = XCBuildConfiguration;
			buildSettings = {
				ALWAYS_EMBED_SWIFT_STANDARD_LIBRARIES = YES;
				CODE_SIGN_STYLE = Automatic;
				CURRENT_PROJECT_VERSION = 1;
				DEVELOPMENT_TEAM = 66D3CJTRN4;
				GENERATE_INFOPLIST_FILE = YES;
				LD_RUNPATH_SEARCH_PATHS = (
					"$(inherited)",
					"@executable_path/Frameworks",
					"@loader_path/Frameworks",
				);
				MARKETING_VERSION = 1.0;
				PRODUCT_BUNDLE_IDENTIFIER = org.yao.OpenWeatherUITests;
				PRODUCT_NAME = "$(TARGET_NAME)";
				SWIFT_EMIT_LOC_STRINGS = NO;
				SWIFT_VERSION = 5.0;
				TARGETED_DEVICE_FAMILY = "1,2";
				TEST_TARGET_NAME = OpenWeather;
			};
			name = Release;
		};
/* End XCBuildConfiguration section */

/* Begin XCConfigurationList section */
		078D137E2753A4300048D6B5 /* Build configuration list for PBXProject "OpenWeather" */ = {
			isa = XCConfigurationList;
			buildConfigurations = (
				078D13AB2753A4320048D6B5 /* Debug */,
				078D13AC2753A4320048D6B5 /* Release */,
			);
			defaultConfigurationIsVisible = 0;
			defaultConfigurationName = Release;
		};
		078D13AD2753A4320048D6B5 /* Build configuration list for PBXNativeTarget "OpenWeather" */ = {
			isa = XCConfigurationList;
			buildConfigurations = (
				078D13AE2753A4320048D6B5 /* Debug */,
				078D13AF2753A4320048D6B5 /* Release */,
			);
			defaultConfigurationIsVisible = 0;
			defaultConfigurationName = Release;
		};
		078D13B02753A4320048D6B5 /* Build configuration list for PBXNativeTarget "OpenWeatherTests" */ = {
			isa = XCConfigurationList;
			buildConfigurations = (
				078D13B12753A4320048D6B5 /* Debug */,
				078D13B22753A4320048D6B5 /* Release */,
			);
			defaultConfigurationIsVisible = 0;
			defaultConfigurationName = Release;
		};
		078D13B32753A4320048D6B5 /* Build configuration list for PBXNativeTarget "OpenWeatherUITests" */ = {
			isa = XCConfigurationList;
			buildConfigurations = (
				078D13B42753A4320048D6B5 /* Debug */,
				078D13B52753A4320048D6B5 /* Release */,
			);
			defaultConfigurationIsVisible = 0;
			defaultConfigurationName = Release;
		};
/* End XCConfigurationList section */
	};
	rootObject = 078D137B2753A4300048D6B5 /* Project object */;
}
