// !$*UTF8*$!
{
	archiveVersion = 1;
	classes = {
	};
	objectVersion = 55;
	objects = {

/* Begin PBXBuildFile section */
		078D13872753A4300048D6B5 /* AppDelegate.swift in Sources */ = {isa = PBXBuildFile; fileRef = 078D13862753A4300048D6B5 /* AppDelegate.swift */; };
		078D13892753A4300048D6B5 /* SceneDelegate.swift in Sources */ = {isa = PBXBuildFile; fileRef = 078D13882753A4300048D6B5 /* SceneDelegate.swift */; };
		078D138B2753A4300048D6B5 /* MainViewController.swift in Sources */ = {isa = PBXBuildFile; fileRef = 078D138A2753A4300048D6B5 /* MainViewController.swift */; };
		078D138E2753A4300048D6B5 /* Main.storyboard in Resources */ = {isa = PBXBuildFile; fileRef = 078D138C2753A4300048D6B5 /* Main.storyboard */; };
		078D13902753A4310048D6B5 /* Assets.xcassets in Resources */ = {isa = PBXBuildFile; fileRef = 078D138F2753A4310048D6B5 /* Assets.xcassets */; };
		078D13932753A4310048D6B5 /* LaunchScreen.storyboard in Resources */ = {isa = PBXBuildFile; fileRef = 078D13912753A4310048D6B5 /* LaunchScreen.storyboard */; };
		078D139E2753A4320048D6B5 /* OpenWeatherTests.swift in Sources */ = {isa = PBXBuildFile; fileRef = 078D139D2753A4320048D6B5 /* OpenWeatherTests.swift */; };
		078D13A82753A4320048D6B5 /* OpenWeatherUITests.swift in Sources */ = {isa = PBXBuildFile; fileRef = 078D13A72753A4320048D6B5 /* OpenWeatherUITests.swift */; };
		078D13AA2753A4320048D6B5 /* OpenWeatherUITestsLaunchTests.swift in Sources */ = {isa = PBXBuildFile; fileRef = 078D13A92753A4320048D6B5 /* OpenWeatherUITestsLaunchTests.swift */; };
		078D13B82753A6C80048D6B5 /* MoyaSugar in Frameworks */ = {isa = PBXBuildFile; productRef = 078D13B72753A6C80048D6B5 /* MoyaSugar */; };
		078D13BE2753A78F0048D6B5 /* SwifterSwift in Frameworks */ = {isa = PBXBuildFile; productRef = 078D13BD2753A78F0048D6B5 /* SwifterSwift */; };
		078D13C12753A8040048D6B5 /* SnapKit in Frameworks */ = {isa = PBXBuildFile; productRef = 078D13C02753A8040048D6B5 /* SnapKit */; };
		078D13C42753A9570048D6B5 /* SwiftyUserDefaults in Frameworks */ = {isa = PBXBuildFile; productRef = 078D13C32753A9570048D6B5 /* SwiftyUserDefaults */; };
		078D13C72753A9760048D6B5 /* OpenWeatherTarget.swift in Sources */ = {isa = PBXBuildFile; fileRef = 078D13C62753A9760048D6B5 /* OpenWeatherTarget.swift */; };
		078D13CA2753AA4B0048D6B5 /* OpenWeatherTargetTests.swift in Sources */ = {isa = PBXBuildFile; fileRef = 078D13C92753AA4B0048D6B5 /* OpenWeatherTargetTests.swift */; };
		078D13CD2753ADBC0048D6B5 /* Atlantis in Frameworks */ = {isa = PBXBuildFile; productRef = 078D13CC2753ADBC0048D6B5 /* Atlantis */; };
		078D13D02753AFA40048D6B5 /* RxMoya in Frameworks */ = {isa = PBXBuildFile; productRef = 078D13CF2753AFA40048D6B5 /* RxMoya */; };
		078D13D32753B0BA0048D6B5 /* ForecastResponse.json in Resources */ = {isa = PBXBuildFile; fileRef = 078D13D22753B0BA0048D6B5 /* ForecastResponse.json */; };
		078D13D62753B0F80048D6B5 /* Forecast.swift in Sources */ = {isa = PBXBuildFile; fileRef = 078D13D52753B0F80048D6B5 /* Forecast.swift */; };
		078D13D92753B1F60048D6B5 /* BackedCodable in Frameworks */ = {isa = PBXBuildFile; productRef = 078D13D82753B1F60048D6B5 /* BackedCodable */; };
		078D13DC2753BAF30048D6B5 /* Then in Frameworks */ = {isa = PBXBuildFile; productRef = 078D13DB2753BAF30048D6B5 /* Then */; };
		078D13DE2753BE5A0048D6B5 /* SearchResultController.swift in Sources */ = {isa = PBXBuildFile; fileRef = 078D13DD2753BE5A0048D6B5 /* SearchResultController.swift */; };
		078D13E12753C07B0048D6B5 /* Differentiator in Frameworks */ = {isa = PBXBuildFile; productRef = 078D13E02753C07B0048D6B5 /* Differentiator */; };
		078D13E32753C07B0048D6B5 /* RxDataSources in Frameworks */ = {isa = PBXBuildFile; productRef = 078D13E22753C07B0048D6B5 /* RxDataSources */; };
		078D13E52753E65F0048D6B5 /* Defaults+Keys.swift in Sources */ = {isa = PBXBuildFile; fileRef = 078D13E42753E65F0048D6B5 /* Defaults+Keys.swift */; };
		078D13E82753ECE10048D6B5 /* RxSwiftExt in Frameworks */ = {isa = PBXBuildFile; productRef = 078D13E72753ECE10048D6B5 /* RxSwiftExt */; };
		078D13EA2753FFEF0048D6B5 /* Weather.swift in Sources */ = {isa = PBXBuildFile; fileRef = 078D13E92753FFEF0048D6B5 /* Weather.swift */; };
		078D13EC275402350048D6B5 /* SearchMode.swift in Sources */ = {isa = PBXBuildFile; fileRef = 078D13EB275402350048D6B5 /* SearchMode.swift */; };
		078D13EE275403C50048D6B5 /* SettingViewController.swift in Sources */ = {isa = PBXBuildFile; fileRef = 078D13ED275403C50048D6B5 /* SettingViewController.swift */; };
/* End PBXBuildFile section */

/* Begin PBXContainerItemProxy section */
		078D139A2753A4320048D6B5 /* PBXContainerItemProxy */ = {
			isa = PBXContainerItemProxy;
			containerPortal = 078D137B2753A4300048D6B5 /* Project object */;
			proxyType = 1;
			remoteGlobalIDString = 078D13822753A4300048D6B5;
			remoteInfo = OpenWeather;
		};
		078D13A42753A4320048D6B5 /* PBXContainerItemProxy */ = {
			isa = PBXContainerItemProxy;
			containerPortal = 078D137B2753A4300048D6B5 /* Project object */;
			proxyType = 1;
			remoteGlobalIDString = 078D13822753A4300048D6B5;
			remoteInfo = OpenWeather;
		};
/* End PBXContainerItemProxy section */

/* Begin PBXFileReference section */
		078D13832753A4300048D6B5 /* OpenWeather.app */ = {isa = PBXFileReference; explicitFileType = wrapper.application; includeInIndex = 0; path = OpenWeather.app; sourceTree = BUILT_PRODUCTS_DIR; };
		078D13862753A4300048D6B5 /* AppDelegate.swift */ = {isa = PBXFileReference; lastKnownFileType = sourcecode.swift; path = AppDelegate.swift; sourceTree = "<group>"; };
		078D13882753A4300048D6B5 /* SceneDelegate.swift */ = {isa = PBXFileReference; lastKnownFileType = sourcecode.swift; path = SceneDelegate.swift; sourceTree = "<group>"; };
		078D138A2753A4300048D6B5 /* MainViewController.swift */ = {isa = PBXFileReference; lastKnownFileType = sourcecode.swift; path = MainViewController.swift; sourceTree = "<group>"; };
		078D138D2753A4300048D6B5 /* Base */ = {isa = PBXFileReference; lastKnownFileType = file.storyboard; name = Base; path = Base.lproj/Main.storyboard; sourceTree = "<group>"; };
		078D138F2753A4310048D6B5 /* Assets.xcassets */ = {isa = PBXFileReference; lastKnownFileType = folder.assetcatalog; path = Assets.xcassets; sourceTree = "<group>"; };
		078D13922753A4310048D6B5 /* Base */ = {isa = PBXFileReference; lastKnownFileType = file.storyboard; name = Base; path = Base.lproj/LaunchScreen.storyboard; sourceTree = "<group>"; };
		078D13942753A4310048D6B5 /* Info.plist */ = {isa = PBXFileReference; lastKnownFileType = text.plist.xml; path = Info.plist; sourceTree = "<group>"; };
		078D13992753A4320048D6B5 /* OpenWeatherTests.xctest */ = {isa = PBXFileReference; explicitFileType = wrapper.cfbundle; includeInIndex = 0; path = OpenWeatherTests.xctest; sourceTree = BUILT_PRODUCTS_DIR; };
		078D139D2753A4320048D6B5 /* OpenWeatherTests.swift */ = {isa = PBXFileReference; lastKnownFileType = sourcecode.swift; path = OpenWeatherTests.swift; sourceTree = "<group>"; };
		078D13A32753A4320048D6B5 /* OpenWeatherUITests.xctest */ = {isa = PBXFileReference; explicitFileType = wrapper.cfbundle; includeInIndex = 0; path = OpenWeatherUITests.xctest; sourceTree = BUILT_PRODUCTS_DIR; };
		078D13A72753A4320048D6B5 /* OpenWeatherUITests.swift */ = {isa = PBXFileReference; lastKnownFileType = sourcecode.swift; path = OpenWeatherUITests.swift; sourceTree = "<group>"; };
		078D13A92753A4320048D6B5 /* OpenWeatherUITestsLaunchTests.swift */ = {isa = PBXFileReference; lastKnownFileType = sourcecode.swift; path = OpenWeatherUITestsLaunchTests.swift; sourceTree = "<group>"; };
		078D13C62753A9760048D6B5 /* OpenWeatherTarget.swift */ = {isa = PBXFileReference; lastKnownFileType = sourcecode.swift; path = OpenWeatherTarget.swift; sourceTree = "<group>"; };
		078D13C92753AA4B0048D6B5 /* OpenWeatherTargetTests.swift */ = {isa = PBXFileReference; lastKnownFileType = sourcecode.swift; path = OpenWeatherTargetTests.swift; sourceTree = "<group>"; };
		078D13D22753B0BA0048D6B5 /* ForecastResponse.json */ = {isa = PBXFileReference; lastKnownFileType = text.json; path = ForecastResponse.json; sourceTree = "<group>"; };
		078D13D52753B0F80048D6B5 /* Forecast.swift */ = {isa = PBXFileReference; lastKnownFileType = sourcecode.swift; path = Forecast.swift; sourceTree = "<group>"; };
		078D13DD2753BE5A0048D6B5 /* SearchResultController.swift */ = {isa = PBXFileReference; lastKnownFileType = sourcecode.swift; path = SearchResultController.swift; sourceTree = "<group>"; };
		078D13E42753E65F0048D6B5 /* Defaults+Keys.swift */ = {isa = PBXFileReference; lastKnownFileType = sourcecode.swift; path = "Defaults+Keys.swift"; sourceTree = "<group>"; };
		078D13E92753FFEF0048D6B5 /* Weather.swift */ = {isa = PBXFileReference; lastKnownFileType = sourcecode.swift; path = Weather.swift; sourceTree = "<group>"; };
		078D13EB275402350048D6B5 /* SearchMode.swift */ = {isa = PBXFileReference; lastKnownFileType = sourcecode.swift; path = SearchMode.swift; sourceTree = "<group>"; };
		078D13ED275403C50048D6B5 /* SettingViewController.swift */ = {isa = PBXFileReference; lastKnownFileType = sourcecode.swift; path = SettingViewController.swift; sourceTree = "<group>"; };
/* End PBXFileReference section */

/* Begin PBXFrameworksBuildPhase section */
		078D13802753A4300048D6B5 /* Frameworks */ = {
			isa = PBXFrameworksBuildPhase;
			buildActionMask = 2147483647;
			files = (
				078D13D02753AFA40048D6B5 /* RxMoya in Frameworks */,
				078D13D92753B1F60048D6B5 /* BackedCodable in Frameworks */,
				078D13C12753A8040048D6B5 /* SnapKit in Frameworks */,
				078D13E32753C07B0048D6B5 /* RxDataSources in Frameworks */,
				078D13DC2753BAF30048D6B5 /* Then in Frameworks */,
				078D13E82753ECE10048D6B5 /* RxSwiftExt in Frameworks */,
				078D13BE2753A78F0048D6B5 /* SwifterSwift in Frameworks */,
				078D13CD2753ADBC0048D6B5 /* Atlantis in Frameworks */,
				078D13B82753A6C80048D6B5 /* MoyaSugar in Frameworks */,
				078D13E12753C07B0048D6B5 /* Differentiator in Frameworks */,
				078D13C42753A9570048D6B5 /* SwiftyUserDefaults in Frameworks */,
			);
			runOnlyForDeploymentPostprocessing = 0;
		};
		078D13962753A4320048D6B5 /* Frameworks */ = {
			isa = PBXFrameworksBuildPhase;
			buildActionMask = 2147483647;
			files = (
			);
			runOnlyForDeploymentPostprocessing = 0;
		};
		078D13A02753A4320048D6B5 /* Frameworks */ = {
			isa = PBXFrameworksBuildPhase;
			buildActionMask = 2147483647;
			files = (
			);
			runOnlyForDeploymentPostprocessing = 0;
		};
/* End PBXFrameworksBuildPhase section */

/* Begin PBXGroup section */
		078D137A2753A4300048D6B5 = {
			isa = PBXGroup;
			children = (
				078D13852753A4300048D6B5 /* OpenWeather */,
				078D139C2753A4320048D6B5 /* OpenWeatherTests */,
				078D13A62753A4320048D6B5 /* OpenWeatherUITests */,
				078D13842753A4300048D6B5 /* Products */,
			);
			sourceTree = "<group>";
		};
		078D13842753A4300048D6B5 /* Products */ = {
			isa = PBXGroup;
			children = (
				078D13832753A4300048D6B5 /* OpenWeather.app */,
				078D13992753A4320048D6B5 /* OpenWeatherTests.xctest */,
				078D13A32753A4320048D6B5 /* OpenWeatherUITests.xctest */,
			);
			name = Products;
			sourceTree = "<group>";
		};
		078D13852753A4300048D6B5 /* OpenWeather */ = {
			isa = PBXGroup;
			children = (
				078D13D42753B0E90048D6B5 /* Models */,
				078D13C52753A9650048D6B5 /* Services */,
				078D13862753A4300048D6B5 /* AppDelegate.swift */,
				078D13882753A4300048D6B5 /* SceneDelegate.swift */,
				078D138A2753A4300048D6B5 /* MainViewController.swift */,
				078D13DD2753BE5A0048D6B5 /* SearchResultController.swift */,
				078D13ED275403C50048D6B5 /* SettingViewController.swift */,
				078D138C2753A4300048D6B5 /* Main.storyboard */,
				078D138F2753A4310048D6B5 /* Assets.xcassets */,
				078D13912753A4310048D6B5 /* LaunchScreen.storyboard */,
				078D13942753A4310048D6B5 /* Info.plist */,
			);
			path = OpenWeather;
			sourceTree = "<group>";
		};
		078D139C2753A4320048D6B5 /* OpenWeatherTests */ = {
			isa = PBXGroup;
			children = (
				078D139D2753A4320048D6B5 /* OpenWeatherTests.swift */,
				078D13C82753AA370048D6B5 /* Services */,
			);
			path = OpenWeatherTests;
			sourceTree = "<group>";
		};
		078D13A62753A4320048D6B5 /* OpenWeatherUITests */ = {
			isa = PBXGroup;
			children = (
				078D13A72753A4320048D6B5 /* OpenWeatherUITests.swift */,
				078D13A92753A4320048D6B5 /* OpenWeatherUITestsLaunchTests.swift */,
			);
			path = OpenWeatherUITests;
			sourceTree = "<group>";
		};
		078D13C52753A9650048D6B5 /* Services */ = {
			isa = PBXGroup;
			children = (
				078D13C62753A9760048D6B5 /* OpenWeatherTarget.swift */,
				078D13E42753E65F0048D6B5 /* Defaults+Keys.swift */,
			);
			path = Services;
			sourceTree = "<group>";
		};
		078D13C82753AA370048D6B5 /* Services */ = {
			isa = PBXGroup;
			children = (
				078D13C92753AA4B0048D6B5 /* OpenWeatherTargetTests.swift */,
				078D13D12753B09F0048D6B5 /* SampleData */,
			);
			path = Services;
			sourceTree = "<group>";
		};
		078D13D12753B09F0048D6B5 /* SampleData */ = {
			isa = PBXGroup;
			children = (
				078D13D22753B0BA0048D6B5 /* ForecastResponse.json */,
			);
			path = SampleData;
			sourceTree = "<group>";
		};
		078D13D42753B0E90048D6B5 /* Models */ = {
			isa = PBXGroup;
			children = (
				078D13D52753B0F80048D6B5 /* Forecast.swift */,
				078D13E92753FFEF0048D6B5 /* Weather.swift */,
				078D13EB275402350048D6B5 /* SearchMode.swift */,
			);
			path = Models;
			sourceTree = "<group>";
		};
/* End PBXGroup section */

/* Begin PBXNativeTarget section */
		078D13822753A4300048D6B5 /* OpenWeather */ = {
			isa = PBXNativeTarget;
			buildConfigurationList = 078D13AD2753A4320048D6B5 /* Build configuration list for PBXNativeTarget "OpenWeather" */;
			buildPhases = (
				078D137F2753A4300048D6B5 /* Sources */,
				078D13802753A4300048D6B5 /* Frameworks */,
				078D13812753A4300048D6B5 /* Resources */,
			);
			buildRules = (
			);
			dependencies = (
			);
			name = OpenWeather;
			packageProductDependencies = (
				078D13B72753A6C80048D6B5 /* MoyaSugar */,
				078D13BD2753A78F0048D6B5 /* SwifterSwift */,
				078D13C02753A8040048D6B5 /* SnapKit */,
				078D13C32753A9570048D6B5 /* SwiftyUserDefaults */,
				078D13CC2753ADBC0048D6B5 /* Atlantis */,
				078D13CF2753AFA40048D6B5 /* RxMoya */,
				078D13D82753B1F60048D6B5 /* BackedCodable */,
				078D13DB2753BAF30048D6B5 /* Then */,
				078D13E02753C07B0048D6B5 /* Differentiator */,
				078D13E22753C07B0048D6B5 /* RxDataSources */,
				078D13E72753ECE10048D6B5 /* RxSwiftExt */,
			);
			productName = OpenWeather;
			productReference = 078D13832753A4300048D6B5 /* OpenWeather.app */;
			productType = "com.apple.product-type.application";
		};
		078D13982753A4320048D6B5 /* OpenWeatherTests */ = {
			isa = PBXNativeTarget;
			buildConfigurationList = 078D13B02753A4320048D6B5 /* Build configuration list for PBXNativeTarget "OpenWeatherTests" */;
			buildPhases = (
				078D13952753A4320048D6B5 /* Sources */,
				078D13962753A4320048D6B5 /* Frameworks */,
				078D13972753A4320048D6B5 /* Resources */,
			);
			buildRules = (
			);
			dependencies = (
				078D139B2753A4320048D6B5 /* PBXTargetDependency */,
			);
			name = OpenWeatherTests;
			productName = OpenWeatherTests;
			productReference = 078D13992753A4320048D6B5 /* OpenWeatherTests.xctest */;
			productType = "com.apple.product-type.bundle.unit-test";
		};
		078D13A22753A4320048D6B5 /* OpenWeatherUITests */ = {
			isa = PBXNativeTarget;
			buildConfigurationList = 078D13B32753A4320048D6B5 /* Build configuration list for PBXNativeTarget "OpenWeatherUITests" */;
			buildPhases = (
				078D139F2753A4320048D6B5 /* Sources */,
				078D13A02753A4320048D6B5 /* Frameworks */,
				078D13A12753A4320048D6B5 /* Resources */,
			);
			buildRules = (
			);
			dependencies = (
				078D13A52753A4320048D6B5 /* PBXTargetDependency */,
			);
			name = OpenWeatherUITests;
			productName = OpenWeatherUITests;
			productReference = 078D13A32753A4320048D6B5 /* OpenWeatherUITests.xctest */;
			productType = "com.apple.product-type.bundle.ui-testing";
		};
/* End PBXNativeTarget section */

/* Begin PBXProject section */
		078D137B2753A4300048D6B5 /* Project object */ = {
			isa = PBXProject;
			attributes = {
				BuildIndependentTargetsInParallel = 1;
				LastSwiftUpdateCheck = 1310;
				LastUpgradeCheck = 1310;
				TargetAttributes = {
					078D13822753A4300048D6B5 = {
						CreatedOnToolsVersion = 13.1;
					};
					078D13982753A4320048D6B5 = {
						CreatedOnToolsVersion = 13.1;
						TestTargetID = 078D13822753A4300048D6B5;
					};
					078D13A22753A4320048D6B5 = {
						CreatedOnToolsVersion = 13.1;
						TestTargetID = 078D13822753A4300048D6B5;
					};
				};
			};
			buildConfigurationList = 078D137E2753A4300048D6B5 /* Build configuration list for PBXProject "OpenWeather" */;
			compatibilityVersion = "Xcode 13.0";
			developmentRegion = en;
			hasScannedForEncodings = 0;
			knownRegions = (
				en,
				Base,
			);
			mainGroup = 078D137A2753A4300048D6B5;
			packageReferences = (
				078D13B62753A6C80048D6B5 /* XCRemoteSwiftPackageReference "MoyaSugar" */,
				078D13BC2753A78F0048D6B5 /* XCRemoteSwiftPackageReference "SwifterSwift" */,
				078D13BF2753A8040048D6B5 /* XCRemoteSwiftPackageReference "SnapKit" */,
				078D13C22753A9570048D6B5 /* XCRemoteSwiftPackageReference "SwiftyUserDefaults" */,
				078D13CB2753ADBC0048D6B5 /* XCRemoteSwiftPackageReference "atlantis" */,
				078D13CE2753AFA40048D6B5 /* XCRemoteSwiftPackageReference "Moya" */,
				078D13D72753B1F60048D6B5 /* XCRemoteSwiftPackageReference "BackedCodable" */,
				078D13DA2753BAF30048D6B5 /* XCRemoteSwiftPackageReference "Then" */,
				078D13DF2753C07B0048D6B5 /* XCRemoteSwiftPackageReference "RxDataSources" */,
				078D13E62753ECE10048D6B5 /* XCRemoteSwiftPackageReference "RxSwiftExt" */,
			);
			productRefGroup = 078D13842753A4300048D6B5 /* Products */;
			projectDirPath = "";
			projectRoot = "";
			targets = (
				078D13822753A4300048D6B5 /* OpenWeather */,
				078D13982753A4320048D6B5 /* OpenWeatherTests */,
				078D13A22753A4320048D6B5 /* OpenWeatherUITests */,
			);
		};
/* End PBXProject section */

/* Begin PBXResourcesBuildPhase section */
		078D13812753A4300048D6B5 /* Resources */ = {
			isa = PBXResourcesBuildPhase;
			buildActionMask = 2147483647;
			files = (
				078D13932753A4310048D6B5 /* LaunchScreen.storyboard in Resources */,
				078D13902753A4310048D6B5 /* Assets.xcassets in Resources */,
				078D138E2753A4300048D6B5 /* Main.storyboard in Resources */,
			);
			runOnlyForDeploymentPostprocessing = 0;
		};
		078D13972753A4320048D6B5 /* Resources */ = {
			isa = PBXResourcesBuildPhase;
			buildActionMask = 2147483647;
			files = (
				078D13D32753B0BA0048D6B5 /* ForecastResponse.json in Resources */,
			);
			runOnlyForDeploymentPostprocessing = 0;
		};
		078D13A12753A4320048D6B5 /* Resources */ = {
			isa = PBXResourcesBuildPhase;
			buildActionMask = 2147483647;
			files = (
			);
			runOnlyForDeploymentPostprocessing = 0;
		};
/* End PBXResourcesBuildPhase section */

/* Begin PBXSourcesBuildPhase section */
		078D137F2753A4300048D6B5 /* Sources */ = {
			isa = PBXSourcesBuildPhase;
			buildActionMask = 2147483647;
			files = (
				078D13EA2753FFEF0048D6B5 /* Weather.swift in Sources */,
				078D13E52753E65F0048D6B5 /* Defaults+Keys.swift in Sources */,
				078D13DE2753BE5A0048D6B5 /* SearchResultController.swift in Sources */,
				078D138B2753A4300048D6B5 /* MainViewController.swift in Sources */,
				078D13872753A4300048D6B5 /* AppDelegate.swift in Sources */,
				078D13EE275403C50048D6B5 /* SettingViewController.swift in Sources */,
				078D13892753A4300048D6B5 /* SceneDelegate.swift in Sources */,
				078D13EC275402350048D6B5 /* SearchMode.swift in Sources */,
				078D13C72753A9760048D6B5 /* OpenWeatherTarget.swift in Sources */,
				078D13D62753B0F80048D6B5 /* Forecast.swift in Sources */,
			);
			runOnlyForDeploymentPostprocessing = 0;
		};
		078D13952753A4320048D6B5 /* Sources */ = {
			isa = PBXSourcesBuildPhase;
			buildActionMask = 2147483647;
			files = (
				078D139E2753A4320048D6B5 /* OpenWeatherTests.swift in Sources */,
				078D13CA2753AA4B0048D6B5 /* OpenWeatherTargetTests.swift in Sources */,
			);
			runOnlyForDeploymentPostprocessing = 0;
		};
		078D139F2753A4320048D6B5 /* Sources */ = {
			isa = PBXSourcesBuildPhase;
			buildActionMask = 2147483647;
			files = (
				078D13A82753A4320048D6B5 /* OpenWeatherUITests.swift in Sources */,
				078D13AA2753A4320048D6B5 /* OpenWeatherUITestsLaunchTests.swift in Sources */,
			);
			runOnlyForDeploymentPostprocessing = 0;
		};
/* End PBXSourcesBuildPhase section */

/* Begin PBXTargetDependency section */
		078D139B2753A4320048D6B5 /* PBXTargetDependency */ = {
			isa = PBXTargetDependency;
			target = 078D13822753A4300048D6B5 /* OpenWeather */;
			targetProxy = 078D139A2753A4320048D6B5 /* PBXContainerItemProxy */;
		};
		078D13A52753A4320048D6B5 /* PBXTargetDependency */ = {
			isa = PBXTargetDependency;
			target = 078D13822753A4300048D6B5 /* OpenWeather */;
			targetProxy = 078D13A42753A4320048D6B5 /* PBXContainerItemProxy */;
		};
/* End PBXTargetDependency section */

/* Begin PBXVariantGroup section */
		078D138C2753A4300048D6B5 /* Main.storyboard */ = {
			isa = PBXVariantGroup;
			children = (
				078D138D2753A4300048D6B5 /* Base */,
			);
			name = Main.storyboard;
			sourceTree = "<group>";
		};
		078D13912753A4310048D6B5 /* LaunchScreen.storyboard */ = {
			isa = PBXVariantGroup;
			children = (
				078D13922753A4310048D6B5 /* Base */,
			);
			name = LaunchScreen.storyboard;
			sourceTree = "<group>";
		};
/* End PBXVariantGroup section */

/* Begin XCBuildConfiguration section */
		078D13AB2753A4320048D6B5 /* Debug */ = {
			isa = XCBuildConfiguration;
			buildSettings = {
				ALWAYS_SEARCH_USER_PATHS = NO;
				CLANG_ANALYZER_NONNULL = YES;
				CLANG_ANALYZER_NUMBER_OBJECT_CONVERSION = YES_AGGRESSIVE;
				CLANG_CXX_LANGUAGE_STANDARD = "gnu++17";
				CLANG_CXX_LIBRARY = "libc++";
				CLANG_ENABLE_MODULES = YES;
				CLANG_ENABLE_OBJC_ARC = YES;
				CLANG_ENABLE_OBJC_WEAK = YES;
				CLANG_WARN_BLOCK_CAPTURE_AUTORELEASING = YES;
				CLANG_WARN_BOOL_CONVERSION = YES;
				CLANG_WARN_COMMA = YES;
				CLANG_WARN_CONSTANT_CONVERSION = YES;
				CLANG_WARN_DEPRECATED_OBJC_IMPLEMENTATIONS = YES;
				CLANG_WARN_DIRECT_OBJC_ISA_USAGE = YES_ERROR;
				CLANG_WARN_DOCUMENTATION_COMMENTS = YES;
				CLANG_WARN_EMPTY_BODY = YES;
				CLANG_WARN_ENUM_CONVERSION = YES;
				CLANG_WARN_INFINITE_RECURSION = YES;
				CLANG_WARN_INT_CONVERSION = YES;
				CLANG_WARN_NON_LITERAL_NULL_CONVERSION = YES;
				CLANG_WARN_OBJC_IMPLICIT_RETAIN_SELF = YES;
				CLANG_WARN_OBJC_LITERAL_CONVERSION = YES;
				CLANG_WARN_OBJC_ROOT_CLASS = YES_ERROR;
				CLANG_WARN_QUOTED_INCLUDE_IN_FRAMEWORK_HEADER = YES;
				CLANG_WARN_RANGE_LOOP_ANALYSIS = YES;
				CLANG_WARN_STRICT_PROTOTYPES = YES;
				CLANG_WARN_SUSPICIOUS_MOVE = YES;
				CLANG_WARN_UNGUARDED_AVAILABILITY = YES_AGGRESSIVE;
				CLANG_WARN_UNREACHABLE_CODE = YES;
				CLANG_WARN__DUPLICATE_METHOD_MATCH = YES;
				COPY_PHASE_STRIP = NO;
				DEBUG_INFORMATION_FORMAT = dwarf;
				ENABLE_STRICT_OBJC_MSGSEND = YES;
				ENABLE_TESTABILITY = YES;
				GCC_C_LANGUAGE_STANDARD = gnu11;
				GCC_DYNAMIC_NO_PIC = NO;
				GCC_NO_COMMON_BLOCKS = YES;
				GCC_OPTIMIZATION_LEVEL = 0;
				GCC_PREPROCESSOR_DEFINITIONS = (
					"DEBUG=1",
					"$(inherited)",
				);
				GCC_WARN_64_TO_32_BIT_CONVERSION = YES;
				GCC_WARN_ABOUT_RETURN_TYPE = YES_ERROR;
				GCC_WARN_UNDECLARED_SELECTOR = YES;
				GCC_WARN_UNINITIALIZED_AUTOS = YES_AGGRESSIVE;
				GCC_WARN_UNUSED_FUNCTION = YES;
				GCC_WARN_UNUSED_VARIABLE = YES;
				IPHONEOS_DEPLOYMENT_TARGET = 15.0;
				MTL_ENABLE_DEBUG_INFO = INCLUDE_SOURCE;
				MTL_FAST_MATH = YES;
				ONLY_ACTIVE_ARCH = YES;
				SDKROOT = iphoneos;
				SWIFT_ACTIVE_COMPILATION_CONDITIONS = DEBUG;
				SWIFT_OPTIMIZATION_LEVEL = "-Onone";
			};
			name = Debug;
		};
		078D13AC2753A4320048D6B5 /* Release */ = {
			isa = XCBuildConfiguration;
			buildSettings = {
				ALWAYS_SEARCH_USER_PATHS = NO;
				CLANG_ANALYZER_NONNULL = YES;
				CLANG_ANALYZER_NUMBER_OBJECT_CONVERSION = YES_AGGRESSIVE;
				CLANG_CXX_LANGUAGE_STANDARD = "gnu++17";
				CLANG_CXX_LIBRARY = "libc++";
				CLANG_ENABLE_MODULES = YES;
				CLANG_ENABLE_OBJC_ARC = YES;
				CLANG_ENABLE_OBJC_WEAK = YES;
				CLANG_WARN_BLOCK_CAPTURE_AUTORELEASING = YES;
				CLANG_WARN_BOOL_CONVERSION = YES;
				CLANG_WARN_COMMA = YES;
				CLANG_WARN_CONSTANT_CONVERSION = YES;
				CLANG_WARN_DEPRECATED_OBJC_IMPLEMENTATIONS = YES;
				CLANG_WARN_DIRECT_OBJC_ISA_USAGE = YES_ERROR;
				CLANG_WARN_DOCUMENTATION_COMMENTS = YES;
				CLANG_WARN_EMPTY_BODY = YES;
				CLANG_WARN_ENUM_CONVERSION = YES;
				CLANG_WARN_INFINITE_RECURSION = YES;
				CLANG_WARN_INT_CONVERSION = YES;
				CLANG_WARN_NON_LITERAL_NULL_CONVERSION = YES;
				CLANG_WARN_OBJC_IMPLICIT_RETAIN_SELF = YES;
				CLANG_WARN_OBJC_LITERAL_CONVERSION = YES;
				CLANG_WARN_OBJC_ROOT_CLASS = YES_ERROR;
				CLANG_WARN_QUOTED_INCLUDE_IN_FRAMEWORK_HEADER = YES;
				CLANG_WARN_RANGE_LOOP_ANALYSIS = YES;
				CLANG_WARN_STRICT_PROTOTYPES = YES;
				CLANG_WARN_SUSPICIOUS_MOVE = YES;
				CLANG_WARN_UNGUARDED_AVAILABILITY = YES_AGGRESSIVE;
				CLANG_WARN_UNREACHABLE_CODE = YES;
				CLANG_WARN__DUPLICATE_METHOD_MATCH = YES;
				COPY_PHASE_STRIP = NO;
				DEBUG_INFORMATION_FORMAT = "dwarf-with-dsym";
				ENABLE_NS_ASSERTIONS = NO;
				ENABLE_STRICT_OBJC_MSGSEND = YES;
				GCC_C_LANGUAGE_STANDARD = gnu11;
				GCC_NO_COMMON_BLOCKS = YES;
				GCC_WARN_64_TO_32_BIT_CONVERSION = YES;
				GCC_WARN_ABOUT_RETURN_TYPE = YES_ERROR;
				GCC_WARN_UNDECLARED_SELECTOR = YES;
				GCC_WARN_UNINITIALIZED_AUTOS = YES_AGGRESSIVE;
				GCC_WARN_UNUSED_FUNCTION = YES;
				GCC_WARN_UNUSED_VARIABLE = YES;
				IPHONEOS_DEPLOYMENT_TARGET = 15.0;
				MTL_ENABLE_DEBUG_INFO = NO;
				MTL_FAST_MATH = YES;
				SDKROOT = iphoneos;
				SWIFT_COMPILATION_MODE = wholemodule;
				SWIFT_OPTIMIZATION_LEVEL = "-O";
				VALIDATE_PRODUCT = YES;
			};
			name = Release;
		};
		078D13AE2753A4320048D6B5 /* Debug */ = {
			isa = XCBuildConfiguration;
			buildSettings = {
				ASSETCATALOG_COMPILER_APPICON_NAME = AppIcon;
				ASSETCATALOG_COMPILER_GLOBAL_ACCENT_COLOR_NAME = AccentColor;
				CODE_SIGN_STYLE = Automatic;
				CURRENT_PROJECT_VERSION = 1;
				DEVELOPMENT_TEAM = 66D3CJTRN4;
				GENERATE_INFOPLIST_FILE = YES;
				INFOPLIST_FILE = OpenWeather/Info.plist;
				INFOPLIST_KEY_NSLocalNetworkUsageDescription = "Atlantis would use Bonjour Service to discover Proxyman app from your local network.";
				INFOPLIST_KEY_UIApplicationSupportsIndirectInputEvents = YES;
				INFOPLIST_KEY_UILaunchStoryboardName = LaunchScreen;
				INFOPLIST_KEY_UIMainStoryboardFile = Main;
				INFOPLIST_KEY_UISupportedInterfaceOrientations_iPad = "UIInterfaceOrientationPortrait UIInterfaceOrientationPortraitUpsideDown UIInterfaceOrientationLandscapeLeft UIInterfaceOrientationLandscapeRight";
				INFOPLIST_KEY_UISupportedInterfaceOrientations_iPhone = "UIInterfaceOrientationPortrait UIInterfaceOrientationLandscapeLeft UIInterfaceOrientationLandscapeRight";
				LD_RUNPATH_SEARCH_PATHS = (
					"$(inherited)",
					"@executable_path/Frameworks",
				);
				MARKETING_VERSION = 1.0;
				PRODUCT_BUNDLE_IDENTIFIER = org.yao.OpenWeather;
				PRODUCT_NAME = "$(TARGET_NAME)";
				SWIFT_EMIT_LOC_STRINGS = YES;
				SWIFT_VERSION = 5.0;
				TARGETED_DEVICE_FAMILY = "1,2";
			};
			name = Debug;
		};
		078D13AF2753A4320048D6B5 /* Release */ = {
			isa = XCBuildConfiguration;
			buildSettings = {
				ASSETCATALOG_COMPILER_APPICON_NAME = AppIcon;
				ASSETCATALOG_COMPILER_GLOBAL_ACCENT_COLOR_NAME = AccentColor;
				CODE_SIGN_STYLE = Automatic;
				CURRENT_PROJECT_VERSION = 1;
				DEVELOPMENT_TEAM = 66D3CJTRN4;
				GENERATE_INFOPLIST_FILE = YES;
				INFOPLIST_FILE = OpenWeather/Info.plist;
				INFOPLIST_KEY_NSLocalNetworkUsageDescription = "Atlantis would use Bonjour Service to discover Proxyman app from your local network.";
				INFOPLIST_KEY_UIApplicationSupportsIndirectInputEvents = YES;
				INFOPLIST_KEY_UILaunchStoryboardName = LaunchScreen;
				INFOPLIST_KEY_UIMainStoryboardFile = Main;
				INFOPLIST_KEY_UISupportedInterfaceOrientations_iPad = "UIInterfaceOrientationPortrait UIInterfaceOrientationPortraitUpsideDown UIInterfaceOrientationLandscapeLeft UIInterfaceOrientationLandscapeRight";
				INFOPLIST_KEY_UISupportedInterfaceOrientations_iPhone = "UIInterfaceOrientationPortrait UIInterfaceOrientationLandscapeLeft UIInterfaceOrientationLandscapeRight";
				LD_RUNPATH_SEARCH_PATHS = (
					"$(inherited)",
					"@executable_path/Frameworks",
				);
				MARKETING_VERSION = 1.0;
				PRODUCT_BUNDLE_IDENTIFIER = org.yao.OpenWeather;
				PRODUCT_NAME = "$(TARGET_NAME)";
				SWIFT_EMIT_LOC_STRINGS = YES;
				SWIFT_VERSION = 5.0;
				TARGETED_DEVICE_FAMILY = "1,2";
			};
			name = Release;
		};
		078D13B12753A4320048D6B5 /* Debug */ = {
			isa = XCBuildConfiguration;
			buildSettings = {
				ALWAYS_EMBED_SWIFT_STANDARD_LIBRARIES = YES;
				BUNDLE_LOADER = "$(TEST_HOST)";
				CODE_SIGN_STYLE = Automatic;
				CURRENT_PROJECT_VERSION = 1;
				DEVELOPMENT_TEAM = 66D3CJTRN4;
				GENERATE_INFOPLIST_FILE = YES;
				IPHONEOS_DEPLOYMENT_TARGET = 15.0;
				LD_RUNPATH_SEARCH_PATHS = (
					"$(inherited)",
					"@executable_path/Frameworks",
					"@loader_path/Frameworks",
				);
				MARKETING_VERSION = 1.0;
				PRODUCT_BUNDLE_IDENTIFIER = org.yao.OpenWeatherTests;
				PRODUCT_NAME = "$(TARGET_NAME)";
				SWIFT_EMIT_LOC_STRINGS = NO;
				SWIFT_VERSION = 5.0;
				TARGETED_DEVICE_FAMILY = "1,2";
				TEST_HOST = "$(BUILT_PRODUCTS_DIR)/OpenWeather.app/OpenWeather";
			};
			name = Debug;
		};
		078D13B22753A4320048D6B5 /* Release */ = {
			isa = XCBuildConfiguration;
			buildSettings = {
				ALWAYS_EMBED_SWIFT_STANDARD_LIBRARIES = YES;
				BUNDLE_LOADER = "$(TEST_HOST)";
				CODE_SIGN_STYLE = Automatic;
				CURRENT_PROJECT_VERSION = 1;
				DEVELOPMENT_TEAM = 66D3CJTRN4;
				GENERATE_INFOPLIST_FILE = YES;
				IPHONEOS_DEPLOYMENT_TARGET = 15.0;
				LD_RUNPATH_SEARCH_PATHS = (
					"$(inherited)",
					"@executable_path/Frameworks",
					"@loader_path/Frameworks",
				);
				MARKETING_VERSION = 1.0;
				PRODUCT_BUNDLE_IDENTIFIER = org.yao.OpenWeatherTests;
				PRODUCT_NAME = "$(TARGET_NAME)";
				SWIFT_EMIT_LOC_STRINGS = NO;
				SWIFT_VERSION = 5.0;
				TARGETED_DEVICE_FAMILY = "1,2";
				TEST_HOST = "$(BUILT_PRODUCTS_DIR)/OpenWeather.app/OpenWeather";
			};
			name = Release;
		};
		078D13B42753A4320048D6B5 /* Debug */ = {
			isa = XCBuildConfiguration;
			buildSettings = {
				ALWAYS_EMBED_SWIFT_STANDARD_LIBRARIES = YES;
				CODE_SIGN_STYLE = Automatic;
				CURRENT_PROJECT_VERSION = 1;
				DEVELOPMENT_TEAM = 66D3CJTRN4;
				GENERATE_INFOPLIST_FILE = YES;
				LD_RUNPATH_SEARCH_PATHS = (
					"$(inherited)",
					"@executable_path/Frameworks",
					"@loader_path/Frameworks",
				);
				MARKETING_VERSION = 1.0;
				PRODUCT_BUNDLE_IDENTIFIER = org.yao.OpenWeatherUITests;
				PRODUCT_NAME = "$(TARGET_NAME)";
				SWIFT_EMIT_LOC_STRINGS = NO;
				SWIFT_VERSION = 5.0;
				TARGETED_DEVICE_FAMILY = "1,2";
				TEST_TARGET_NAME = OpenWeather;
			};
			name = Debug;
		};
		078D13B52753A4320048D6B5 /* Release */ = {
			isa = XCBuildConfiguration;
			buildSettings = {
				ALWAYS_EMBED_SWIFT_STANDARD_LIBRARIES = YES;
				CODE_SIGN_STYLE = Automatic;
				CURRENT_PROJECT_VERSION = 1;
				DEVELOPMENT_TEAM = 66D3CJTRN4;
				GENERATE_INFOPLIST_FILE = YES;
				LD_RUNPATH_SEARCH_PATHS = (
					"$(inherited)",
					"@executable_path/Frameworks",
					"@loader_path/Frameworks",
				);
				MARKETING_VERSION = 1.0;
				PRODUCT_BUNDLE_IDENTIFIER = org.yao.OpenWeatherUITests;
				PRODUCT_NAME = "$(TARGET_NAME)";
				SWIFT_EMIT_LOC_STRINGS = NO;
				SWIFT_VERSION = 5.0;
				TARGETED_DEVICE_FAMILY = "1,2";
				TEST_TARGET_NAME = OpenWeather;
			};
			name = Release;
		};
/* End XCBuildConfiguration section */

/* Begin XCConfigurationList section */
		078D137E2753A4300048D6B5 /* Build configuration list for PBXProject "OpenWeather" */ = {
			isa = XCConfigurationList;
			buildConfigurations = (
				078D13AB2753A4320048D6B5 /* Debug */,
				078D13AC2753A4320048D6B5 /* Release */,
			);
			defaultConfigurationIsVisible = 0;
			defaultConfigurationName = Release;
		};
		078D13AD2753A4320048D6B5 /* Build configuration list for PBXNativeTarget "OpenWeather" */ = {
			isa = XCConfigurationList;
			buildConfigurations = (
				078D13AE2753A4320048D6B5 /* Debug */,
				078D13AF2753A4320048D6B5 /* Release */,
			);
			defaultConfigurationIsVisible = 0;
			defaultConfigurationName = Release;
		};
		078D13B02753A4320048D6B5 /* Build configuration list for PBXNativeTarget "OpenWeatherTests" */ = {
			isa = XCConfigurationList;
			buildConfigurations = (
				078D13B12753A4320048D6B5 /* Debug */,
				078D13B22753A4320048D6B5 /* Release */,
			);
			defaultConfigurationIsVisible = 0;
			defaultConfigurationName = Release;
		};
		078D13B32753A4320048D6B5 /* Build configuration list for PBXNativeTarget "OpenWeatherUITests" */ = {
			isa = XCConfigurationList;
			buildConfigurations = (
				078D13B42753A4320048D6B5 /* Debug */,
				078D13B52753A4320048D6B5 /* Release */,
			);
			defaultConfigurationIsVisible = 0;
			defaultConfigurationName = Release;
		};
/* End XCConfigurationList section */

/* Begin XCRemoteSwiftPackageReference section */
		078D13B62753A6C80048D6B5 /* XCRemoteSwiftPackageReference "MoyaSugar" */ = {
			isa = XCRemoteSwiftPackageReference;
			repositoryURL = "https://github.com/erichsu/MoyaSugar";
			requirement = {
				branch = master;
				kind = branch;
			};
		};
		078D13BC2753A78F0048D6B5 /* XCRemoteSwiftPackageReference "SwifterSwift" */ = {
			isa = XCRemoteSwiftPackageReference;
			repositoryURL = "https://github.com/SwifterSwift/SwifterSwift";
			requirement = {
				kind = upToNextMajorVersion;
				minimumVersion = 5.2.0;
			};
		};
		078D13BF2753A8040048D6B5 /* XCRemoteSwiftPackageReference "SnapKit" */ = {
			isa = XCRemoteSwiftPackageReference;
			repositoryURL = "https://github.com/SnapKit/SnapKit";
			requirement = {
				kind = upToNextMajorVersion;
				minimumVersion = 5.0.0;
			};
		};
		078D13C22753A9570048D6B5 /* XCRemoteSwiftPackageReference "SwiftyUserDefaults" */ = {
			isa = XCRemoteSwiftPackageReference;
			repositoryURL = "https://github.com/sunshinejr/SwiftyUserDefaults";
			requirement = {
				kind = upToNextMajorVersion;
				minimumVersion = 5.0.0;
			};
		};
		078D13CB2753ADBC0048D6B5 /* XCRemoteSwiftPackageReference "atlantis" */ = {
			isa = XCRemoteSwiftPackageReference;
			repositoryURL = "https://github.com/ProxymanApp/atlantis";
			requirement = {
				kind = upToNextMajorVersion;
				minimumVersion = 1.0.0;
			};
		};
		078D13CE2753AFA40048D6B5 /* XCRemoteSwiftPackageReference "Moya" */ = {
			isa = XCRemoteSwiftPackageReference;
			repositoryURL = "https://github.com/Moya/Moya";
			requirement = {
				branch = master;
				kind = branch;
			};
		};
		078D13D72753B1F60048D6B5 /* XCRemoteSwiftPackageReference "BackedCodable" */ = {
			isa = XCRemoteSwiftPackageReference;
			repositoryURL = "https://github.com/jegnux/BackedCodable";
			requirement = {
				kind = upToNextMajorVersion;
				minimumVersion = 0.1.1;
			};
		};
		078D13DA2753BAF30048D6B5 /* XCRemoteSwiftPackageReference "Then" */ = {
			isa = XCRemoteSwiftPackageReference;
			repositoryURL = "https://github.com/devxoul/Then";
			requirement = {
				kind = upToNextMajorVersion;
				minimumVersion = 2.0.0;
			};
		};
		078D13DF2753C07B0048D6B5 /* XCRemoteSwiftPackageReference "RxDataSources" */ = {
			isa = XCRemoteSwiftPackageReference;
			repositoryURL = "https://github.com/RxSwiftCommunity/RxDataSources";
			requirement = {
				kind = upToNextMajorVersion;
				minimumVersion = 5.0.0;
			};
		};
		078D13E62753ECE10048D6B5 /* XCRemoteSwiftPackageReference "RxSwiftExt" */ = {
			isa = XCRemoteSwiftPackageReference;
			repositoryURL = "https://github.com/RxSwiftCommunity/RxSwiftExt";
			requirement = {
				kind = upToNextMajorVersion;
				minimumVersion = 6.0.0;
			};
		};
/* End XCRemoteSwiftPackageReference section */

/* Begin XCSwiftPackageProductDependency section */
		078D13B72753A6C80048D6B5 /* MoyaSugar */ = {
			isa = XCSwiftPackageProductDependency;
			package = 078D13B62753A6C80048D6B5 /* XCRemoteSwiftPackageReference "MoyaSugar" */;
			productName = MoyaSugar;
		};
		078D13BD2753A78F0048D6B5 /* SwifterSwift */ = {
			isa = XCSwiftPackageProductDependency;
			package = 078D13BC2753A78F0048D6B5 /* XCRemoteSwiftPackageReference "SwifterSwift" */;
			productName = SwifterSwift;
		};
		078D13C02753A8040048D6B5 /* SnapKit */ = {
			isa = XCSwiftPackageProductDependency;
			package = 078D13BF2753A8040048D6B5 /* XCRemoteSwiftPackageReference "SnapKit" */;
			productName = SnapKit;
		};
		078D13C32753A9570048D6B5 /* SwiftyUserDefaults */ = {
			isa = XCSwiftPackageProductDependency;
			package = 078D13C22753A9570048D6B5 /* XCRemoteSwiftPackageReference "SwiftyUserDefaults" */;
			productName = SwiftyUserDefaults;
		};
		078D13CC2753ADBC0048D6B5 /* Atlantis */ = {
			isa = XCSwiftPackageProductDependency;
			package = 078D13CB2753ADBC0048D6B5 /* XCRemoteSwiftPackageReference "atlantis" */;
			productName = Atlantis;
		};
		078D13CF2753AFA40048D6B5 /* RxMoya */ = {
			isa = XCSwiftPackageProductDependency;
			package = 078D13CE2753AFA40048D6B5 /* XCRemoteSwiftPackageReference "Moya" */;
			productName = RxMoya;
		};
		078D13D82753B1F60048D6B5 /* BackedCodable */ = {
			isa = XCSwiftPackageProductDependency;
			package = 078D13D72753B1F60048D6B5 /* XCRemoteSwiftPackageReference "BackedCodable" */;
			productName = BackedCodable;
		};
		078D13DB2753BAF30048D6B5 /* Then */ = {
			isa = XCSwiftPackageProductDependency;
			package = 078D13DA2753BAF30048D6B5 /* XCRemoteSwiftPackageReference "Then" */;
			productName = Then;
		};
		078D13E02753C07B0048D6B5 /* Differentiator */ = {
			isa = XCSwiftPackageProductDependency;
			package = 078D13DF2753C07B0048D6B5 /* XCRemoteSwiftPackageReference "RxDataSources" */;
			productName = Differentiator;
		};
		078D13E22753C07B0048D6B5 /* RxDataSources */ = {
			isa = XCSwiftPackageProductDependency;
			package = 078D13DF2753C07B0048D6B5 /* XCRemoteSwiftPackageReference "RxDataSources" */;
			productName = RxDataSources;
		};
		078D13E72753ECE10048D6B5 /* RxSwiftExt */ = {
			isa = XCSwiftPackageProductDependency;
			package = 078D13E62753ECE10048D6B5 /* XCRemoteSwiftPackageReference "RxSwiftExt" */;
			productName = RxSwiftExt;
		};
/* End XCSwiftPackageProductDependency section */
	};
	rootObject = 078D137B2753A4300048D6B5 /* Project object */;
}
