{
  "object": {
    "pins": [
      {
        "package": "Alamofire",
        "repositoryURL": "https://github.com/Alamofire/Alamofire.git",
        "state": {
          "branch": null,
          "revision": "d120af1e8638c7da36c8481fd61a66c0c08dc4fc",
          "version": "5.4.4"
        }
      },
      {
        "package": "Atlantis",
        "repositoryURL": "https://github.com/ProxymanApp/atlantis",
        "state": {
          "branch": null,
          "revision": "507b49a18b7a19324d98a454dd3c0ababc101950",
          "version": "1.13.0"
        }
      },
      {
        "package": "BackedCodable",
        "repositoryURL": "https://github.com/jegnux/BackedCodable",
        "state": {
          "branch": null,
          "revision": "c28a4e556298bd81ba068f0f1c534af73ffd46f9",
          "version": "0.1.1"
        }
      },
      {
        "package": "Immutable",
        "repositoryURL": "https://github.com/devxoul/Immutable.git",
        "state": {
          "branch": null,
          "revision": "3701f738a11b8f65b6f740ffd0978d200b466c4a",
          "version": "0.6.0"
        }
      },
      {
        "package": "Moya",
        "repositoryURL": "https://github.com/Moya/Moya",
        "state": {
          "branch": "master",
          "revision": "6959c4440315a6dcf7227ed70728c2c3d5eb28ee",
          "version": null
        }
      },
      {
        "package": "MoyaSugar",
        "repositoryURL": "https://github.com/erichsu/MoyaSugar",
        "state": {
          "branch": "master",
          "revision": "0909dc08624839c77be072aed89fae56ac09793e",
          "version": null
        }
      },
      {
        "package": "ReactiveSwift",
        "repositoryURL": "https://github.com/ReactiveCocoa/ReactiveSwift.git",
        "state": {
          "branch": null,
          "revision": "c43bae3dac73fdd3cb906bd5a1914686ca71ed3c",
          "version": "6.7.0"
        }
      },
      {
        "package": "RxCoreLocation",
        "repositoryURL": "https://github.com/RxSwiftCommunity/RxCoreLocation",
        "state": {
          "branch": "master",
          "revision": "8c4b301640e84c258018a82a105678ae287576a7",
          "version": null
        }
      },
      {
        "package": "RxDataSources",
        "repositoryURL": "https://github.com/RxSwiftCommunity/RxDataSources",
        "state": {
          "branch": null,
          "revision": "90c29b48b628479097fe775ed1966d75ac374518",
          "version": "5.0.2"
        }
      },
      {
        "package": "RxSwift",
        "repositoryURL": "https://github.com/ReactiveX/RxSwift.git",
        "state": {
          "branch": null,
          "revision": "7c17a6ccca06b5c107cfa4284e634562ddaf5951",
          "version": "6.2.0"
        }
      },
      {
        "package": "RxSwiftExt",
        "repositoryURL": "https://github.com/RxSwiftCommunity/RxSwiftExt",
        "state": {
          "branch": null,
          "revision": "a42af9caeab63f2dbde318f1f3dc424f05871a37",
          "version": "6.1.0"
        }
      },
      {
        "package": "SnapKit",
        "repositoryURL": "https://github.com/SnapKit/SnapKit",
        "state": {
          "branch": null,
          "revision": "d458564516e5676af9c70b4f4b2a9178294f1bc6",
          "version": "5.0.1"
        }
      },
      {
        "package": "SwifterSwift",
        "repositoryURL": "https://github.com/SwifterSwift/SwifterSwift",
        "state": {
          "branch": null,
          "revision": "dc813f3aa92f904a009fe543b99d5649dce7c134",
          "version": "5.2.0"
        }
      },
      {
        "package": "SwiftyUserDefaults",
        "repositoryURL": "https://github.com/sunshinejr/SwiftyUserDefaults",
        "state": {
          "branch": null,
          "revision": "f66bcd04088582c8fbb5cb8554d577e303bae396",
          "version": "5.3.0"
        }
      }
    ]
  },
  "version": 1
}
